
Microsoft Visual Studio Solution File, Format Version 12.00
# Visual Studio Version 16
VisualStudioVersion = 16.0.35706.149
MinimumVisualStudioVersion = 10.0.40219.1
Project("{FAE04EC0-301F-11D3-BF4B-00C04F79EFBC}") = "01_MainSubjects", "01_MainSubjects\01_MainSubjects.csproj", "{044FC05B-950D-4B6C-8634-CBCFFE586FD2}"
EndProject
Project("{FAE04EC0-301F-11D3-BF4B-00C04F79EFBC}") = "02_Variables", "02_Variables\02_Variables.csproj", "{83BD27F2-C373-46C8-A473-6BE4FBE47659}"
EndProject
Project("{FAE04EC0-301F-11D3-BF4B-00C04F79EFBC}") = "03_MakingDecision", "03_MakingDecision\03_MakingDecision.csproj", "{6B4A06D9-B18D-4949-989E-488070420973}"
EndProject
Global
	GlobalSection(SolutionConfigurationPlatforms) = preSolution
		Debug|Any CPU = Debug|Any CPU
		Release|Any CPU = Release|Any CPU
	EndGlobalSection
	GlobalSection(ProjectConfigurationPlatforms) = postSolution
		{044FC05B-950D-4B6C-8634-CBCFFE586FD2}.Debug|Any CPU.ActiveCfg = Debug|Any CPU
		{044FC05B-950D-4B6C-8634-CBCFFE586FD2}.Debug|Any CPU.Build.0 = Debug|Any CPU
		{044FC05B-950D-4B6C-8634-CBCFFE586FD2}.Release|Any CPU.ActiveCfg = Release|Any CPU
		{044FC05B-950D-4B6C-8634-CBCFFE586FD2}.Release|Any CPU.Build.0 = Release|Any CPU
		{83BD27F2-C373-46C8-A473-6BE4FBE47659}.Debug|Any CPU.ActiveCfg = Debug|Any CPU
		{83BD27F2-C373-46C8-A473-6BE4FBE47659}.Debug|Any CPU.Build.0 = Debug|Any CPU
		{83BD27F2-C373-46C8-A473-6BE4FBE47659}.Release|Any CPU.ActiveCfg = Release|Any CPU
		{83BD27F2-C373-46C8-A473-6BE4FBE47659}.Release|Any CPU.Build.0 = Release|Any CPU
		{6B4A06D9-B18D-4949-989E-488070420973}.Debug|Any CPU.ActiveCfg = Debug|Any CPU
		{6B4A06D9-B18D-4949-989E-488070420973}.Debug|Any CPU.Build.0 = Debug|Any CPU
		{6B4A06D9-B18D-4949-989E-488070420973}.Release|Any CPU.ActiveCfg = Release|Any CPU
		{6B4A06D9-B18D-4949-989E-488070420973}.Release|Any CPU.Build.0 = Release|Any CPU
	EndGlobalSection
	GlobalSection(SolutionProperties) = preSolution
		HideSolutionNode = FALSE
	EndGlobalSection
	GlobalSection(ExtensibilityGlobals) = postSolution
		SolutionGuid = {DD590947-DCFE-4494-864D-8F848CD88D94}
	EndGlobalSection
EndGlobal
